
Microsoft Visual Studio Solution File, Format Version 12.00
# Visual Studio Version 17
VisualStudioVersion = 17.5.33627.172
MinimumVisualStudioVersion = 10.0.40219.1
Project("{FAE04EC0-301F-11D3-BF4B-00C04F79EFBC}") = "HelloWorldProgram", "HelloWorldProgram\HelloWorldProgram.csproj", "{2C5D76A7-C890-4819-A585-F7D576BA6D2F}"
EndProject
Project("{FAE04EC0-301F-11D3-BF4B-00C04F79EFBC}") = "RegistrationForm", "RegistrationForm\RegistrationForm.csproj", "{3C4EB538-AB45-4F3C-86AC-7E9329D30814}"
EndProject
Project("{FAE04EC0-301F-11D3-BF4B-00C04F79EFBC}") = "RegistrationFormWeb", "RegistrationFormWeb\RegistrationFormWeb.csproj", "{2C3C8E46-B244-40D6-B064-3F23442D2A92}"
EndProject
Global
	GlobalSection(SolutionConfigurationPlatforms) = preSolution
		Debug|Any CPU = Debug|Any CPU
		Release|Any CPU = Release|Any CPU
	EndGlobalSection
	GlobalSection(ProjectConfigurationPlatforms) = postSolution
		{2C5D76A7-C890-4819-A585-F7D576BA6D2F}.Debug|Any CPU.ActiveCfg = Debug|Any CPU
		{2C5D76A7-C890-4819-A585-F7D576BA6D2F}.Debug|Any CPU.Build.0 = Debug|Any CPU
		{2C5D76A7-C890-4819-A585-F7D576BA6D2F}.Release|Any CPU.ActiveCfg = Release|Any CPU
		{2C5D76A7-C890-4819-A585-F7D576BA6D2F}.Release|Any CPU.Build.0 = Release|Any CPU
		{3C4EB538-AB45-4F3C-86AC-7E9329D30814}.Debug|Any CPU.ActiveCfg = Debug|Any CPU
		{3C4EB538-AB45-4F3C-86AC-7E9329D30814}.Debug|Any CPU.Build.0 = Debug|Any CPU
		{3C4EB538-AB45-4F3C-86AC-7E9329D30814}.Release|Any CPU.ActiveCfg = Release|Any CPU
		{3C4EB538-AB45-4F3C-86AC-7E9329D30814}.Release|Any CPU.Build.0 = Release|Any CPU
		{2C3C8E46-B244-40D6-B064-3F23442D2A92}.Debug|Any CPU.ActiveCfg = Debug|Any CPU
		{2C3C8E46-B244-40D6-B064-3F23442D2A92}.Debug|Any CPU.Build.0 = Debug|Any CPU
		{2C3C8E46-B244-40D6-B064-3F23442D2A92}.Release|Any CPU.ActiveCfg = Release|Any CPU
		{2C3C8E46-B244-40D6-B064-3F23442D2A92}.Release|Any CPU.Build.0 = Release|Any CPU
	EndGlobalSection
	GlobalSection(SolutionProperties) = preSolution
		HideSolutionNode = FALSE
	EndGlobalSection
	GlobalSection(ExtensibilityGlobals) = postSolution
		SolutionGuid = {A39E499E-7AE2-4AE2-AAA8-DD2157BD7529}
	EndGlobalSection
EndGlobal
